
Microsoft Visual Studio Solution File, Format Version 12.00
# Visual Studio Version 17
VisualStudioVersion = 17.9.34728.123
MinimumVisualStudioVersion = 10.0.40219.1
Project("{FAE04EC0-301F-11D3-BF4B-00C04F79EFBC}") = "Generador de palabras Lura", "Generador de palabras Lura\Generador de palabras Lura.csproj", "{7C90FC40-5561-4DF7-B3E5-55F97CF265AF}"
EndProject
Global
	GlobalSection(SolutionConfigurationPlatforms) = preSolution
		Debug|Any CPU = Debug|Any CPU
		Release|Any CPU = Release|Any CPU
	EndGlobalSection
	GlobalSection(ProjectConfigurationPlatforms) = postSolution
		{7C90FC40-5561-4DF7-B3E5-55F97CF265AF}.Debug|Any CPU.ActiveCfg = Debug|Any CPU
		{7C90FC40-5561-4DF7-B3E5-55F97CF265AF}.Debug|Any CPU.Build.0 = Debug|Any CPU
		{7C90FC40-5561-4DF7-B3E5-55F97CF265AF}.Release|Any CPU.ActiveCfg = Release|Any CPU
		{7C90FC40-5561-4DF7-B3E5-55F97CF265AF}.Release|Any CPU.Build.0 = Release|Any CPU
	EndGlobalSection
	GlobalSection(SolutionProperties) = preSolution
		HideSolutionNode = FALSE
	EndGlobalSection
	GlobalSection(ExtensibilityGlobals) = postSolution
		SolutionGuid = {9E48635C-9242-452A-9888-877019A6CD95}
	EndGlobalSection
EndGlobal
